
Microsoft Visual Studio Solution File, Format Version 12.00
# Visual Studio Version 17
VisualStudioVersion = 17.0.31710.8
MinimumVisualStudioVersion = 10.0.40219.1
Project("{2150E333-8FDC-42A3-9474-1A3956D46DE8}") = "Solution Items", "Solution Items", "{C8D625E3-0732-4DEC-ACA2-257DF0DB3089}"
	ProjectSection(SolutionItems) = preProject
		.gitignore = .gitignore
		.github\workflows\build.yml = .github\workflows\build.yml
		Directory.Build.props = Directory.Build.props
	EndProjectSection
EndProject
Project("{2150E333-8FDC-42A3-9474-1A3956D46DE8}") = "Infraestrutura", "Infraestrutura", "{D8DC82BF-7FAE-4426-943C-C2B4C7EABBDA}"
EndProject
Project("{FAE04EC0-301F-11D3-BF4B-00C04F79EFBC}") = "Estudo.Infraestrutura.Armazenamento.Abstrações", "src\Infraestrutura\Armazenamento\Estudo.Infraestrutura.Armazenamento.Abstrações\Estudo.Infraestrutura.Armazenamento.Abstrações.csproj", "{10782E60-D567-47F3-83DA-654E5CF489D3}"
EndProject
Project("{2150E333-8FDC-42A3-9474-1A3956D46DE8}") = "Armazenamento", "Armazenamento", "{509A774B-637F-4A18-B427-2AFA824DD557}"
EndProject
Project("{FAE04EC0-301F-11D3-BF4B-00C04F79EFBC}") = "Estudo.Infraestrutura.Armazenamento.Ravendb", "src\Infraestrutura\Armazenamento\Estudo.Infraestrutura.Armazenamento.Ravendb\Estudo.Infraestrutura.Armazenamento.Ravendb.csproj", "{91BA7529-016F-43C5-9626-8A0E03F1A98F}"
EndProject
Project("{2150E333-8FDC-42A3-9474-1A3956D46DE8}") = "src", "src", "{E977028F-1D3B-4117-860B-1F96A31F88E8}"
EndProject
Project("{2150E333-8FDC-42A3-9474-1A3956D46DE8}") = "Documentação", "Documentação", "{5E2EF4BD-136B-46CD-8416-726B16891F4F}"
EndProject
Project("{2150E333-8FDC-42A3-9474-1A3956D46DE8}") = "DecisõesArquiteturais", "DecisõesArquiteturais", "{617ED938-5949-4C24-9A90-ACA1428D5DD1}"
	ProjectSection(SolutionItems) = preProject
		AbstraçõesDoArmazenamento.md = AbstraçõesDoArmazenamento.md
		Cadastro.md = Cadastro.md
	EndProjectSection
EndProject
Project("{2150E333-8FDC-42A3-9474-1A3956D46DE8}") = "Dominio", "Dominio", "{6A11D13B-AAF3-4E73-A964-85FD369D9418}"
EndProject
Project("{FAE04EC0-301F-11D3-BF4B-00C04F79EFBC}") = "Estudo.Domínio", "src\Domínio\Estudo.Domínio\Estudo.Domínio.csproj", "{7A34AEA4-309B-4A96-A915-9EBBB76F3B18}"
EndProject
Project("{2150E333-8FDC-42A3-9474-1A3956D46DE8}") = "Clientes", "Clientes", "{30569255-D8D2-40D1-8487-6883B017D914}"
EndProject
Project("{FAE04EC0-301F-11D3-BF4B-00C04F79EFBC}") = "Estudo.Clientes.Domínio", "src\Clientes\Domínio\Estudo.Clientes.Domínio\Estudo.Clientes.Domínio.csproj", "{9B58812F-FEDF-430F-8852-C3FBE6005F58}"
EndProject
Global
	GlobalSection(SolutionConfigurationPlatforms) = preSolution
		Debug|Any CPU = Debug|Any CPU
		Release|Any CPU = Release|Any CPU
	EndGlobalSection
	GlobalSection(ProjectConfigurationPlatforms) = postSolution
		{10782E60-D567-47F3-83DA-654E5CF489D3}.Debug|Any CPU.ActiveCfg = Debug|Any CPU
		{10782E60-D567-47F3-83DA-654E5CF489D3}.Debug|Any CPU.Build.0 = Debug|Any CPU
		{10782E60-D567-47F3-83DA-654E5CF489D3}.Release|Any CPU.ActiveCfg = Release|Any CPU
		{10782E60-D567-47F3-83DA-654E5CF489D3}.Release|Any CPU.Build.0 = Release|Any CPU
		{91BA7529-016F-43C5-9626-8A0E03F1A98F}.Debug|Any CPU.ActiveCfg = Debug|Any CPU
		{91BA7529-016F-43C5-9626-8A0E03F1A98F}.Debug|Any CPU.Build.0 = Debug|Any CPU
		{91BA7529-016F-43C5-9626-8A0E03F1A98F}.Release|Any CPU.ActiveCfg = Release|Any CPU
		{91BA7529-016F-43C5-9626-8A0E03F1A98F}.Release|Any CPU.Build.0 = Release|Any CPU
		{7A34AEA4-309B-4A96-A915-9EBBB76F3B18}.Debug|Any CPU.ActiveCfg = Debug|Any CPU
		{7A34AEA4-309B-4A96-A915-9EBBB76F3B18}.Debug|Any CPU.Build.0 = Debug|Any CPU
		{7A34AEA4-309B-4A96-A915-9EBBB76F3B18}.Release|Any CPU.ActiveCfg = Release|Any CPU
		{7A34AEA4-309B-4A96-A915-9EBBB76F3B18}.Release|Any CPU.Build.0 = Release|Any CPU
		{9B58812F-FEDF-430F-8852-C3FBE6005F58}.Debug|Any CPU.ActiveCfg = Debug|Any CPU
		{9B58812F-FEDF-430F-8852-C3FBE6005F58}.Debug|Any CPU.Build.0 = Debug|Any CPU
		{9B58812F-FEDF-430F-8852-C3FBE6005F58}.Release|Any CPU.ActiveCfg = Release|Any CPU
		{9B58812F-FEDF-430F-8852-C3FBE6005F58}.Release|Any CPU.Build.0 = Release|Any CPU
	EndGlobalSection
	GlobalSection(SolutionProperties) = preSolution
		HideSolutionNode = FALSE
	EndGlobalSection
	GlobalSection(NestedProjects) = preSolution
		{D8DC82BF-7FAE-4426-943C-C2B4C7EABBDA} = {E977028F-1D3B-4117-860B-1F96A31F88E8}
		{10782E60-D567-47F3-83DA-654E5CF489D3} = {509A774B-637F-4A18-B427-2AFA824DD557}
		{509A774B-637F-4A18-B427-2AFA824DD557} = {D8DC82BF-7FAE-4426-943C-C2B4C7EABBDA}
		{91BA7529-016F-43C5-9626-8A0E03F1A98F} = {509A774B-637F-4A18-B427-2AFA824DD557}
		{617ED938-5949-4C24-9A90-ACA1428D5DD1} = {5E2EF4BD-136B-46CD-8416-726B16891F4F}
		{6A11D13B-AAF3-4E73-A964-85FD369D9418} = {E977028F-1D3B-4117-860B-1F96A31F88E8}
		{7A34AEA4-309B-4A96-A915-9EBBB76F3B18} = {6A11D13B-AAF3-4E73-A964-85FD369D9418}
		{30569255-D8D2-40D1-8487-6883B017D914} = {E977028F-1D3B-4117-860B-1F96A31F88E8}
		{9B58812F-FEDF-430F-8852-C3FBE6005F58} = {30569255-D8D2-40D1-8487-6883B017D914}
	EndGlobalSection
	GlobalSection(ExtensibilityGlobals) = postSolution
		SolutionGuid = {2618158F-597B-4720-9288-5CACD7FAB9B0}
	EndGlobalSection
EndGlobal
